
Microsoft Visual Studio Solution File, Format Version 12.00
# Visual Studio Version 17
VisualStudioVersion = 17.12.35707.178
MinimumVisualStudioVersion = 10.0.40219.1
Project("{8BC9CEB8-8B4A-11D0-8D11-00A0C91BC942}") = "001_sum", "001_sum\001_sum.vcxproj", "{FDCAD474-379A-429C-A501-498554327CA7}"
EndProject
Project("{8BC9CEB8-8B4A-11D0-8D11-00A0C91BC942}") = "002_circleArea", "002_circleArea\002_circleArea.vcxproj", "{F2D32D1E-E863-4CEA-89E3-82EA99440104}"
EndProject
Project("{8BC9CEB8-8B4A-11D0-8D11-00A0C91BC942}") = "003_exchangeRate", "003_exchangeRate\003_exchangeRate.vcxproj", "{25A7DCB1-7310-4742-8579-1DB75D6146AD}"
EndProject
Project("{8BC9CEB8-8B4A-11D0-8D11-00A0C91BC942}") = "004_sumAverage", "004_sumAverage\004_sumAverage.vcxproj", "{675A036D-F6F2-472A-8D56-F157ED1EB577}"
EndProject
Project("{8BC9CEB8-8B4A-11D0-8D11-00A0C91BC942}") = "005_rectangle", "005_rectangle\005_rectangle.vcxproj", "{A6383A71-EB9D-45F4-ADD0-C840A7848CAD}"
EndProject
Project("{8BC9CEB8-8B4A-11D0-8D11-00A0C91BC942}") = "006_years", "006_years\006_years.vcxproj", "{635F5B8F-B07A-42DD-B4E8-00F075060F61}"
EndProject
Project("{8BC9CEB8-8B4A-11D0-8D11-00A0C91BC942}") = "007_radix", "007_radix\007_radix.vcxproj", "{4D552F83-B736-41A6-8F87-ED16CAC1436D}"
EndProject
Project("{8BC9CEB8-8B4A-11D0-8D11-00A0C91BC942}") = "008_floatingPointExp", "008_floatingPointExp\008_floatingPointExp.vcxproj", "{0AAFB26A-BA27-4979-9CF4-542AB1F49A81}"
EndProject
Project("{8BC9CEB8-8B4A-11D0-8D11-00A0C91BC942}") = "009_floatingPointExp2", "009_floatPointExp2\009_floatPointExp2.vcxproj", "{4DFC4BAC-ACE9-4D03-A142-61C4BC49A8F8}"
EndProject
Project("{8BC9CEB8-8B4A-11D0-8D11-00A0C91BC942}") = "010_precision", "010_precision\010_precision.vcxproj", "{1064B40B-C9C5-4718-8E38-1A2C4D813B57}"
EndProject
Project("{8BC9CEB8-8B4A-11D0-8D11-00A0C91BC942}") = "011_ascii", "011_ascii\011_ascii.vcxproj", "{AEFEEFA6-FC83-4CB6-9D3A-A00C90E5A697}"
EndProject
Project("{8BC9CEB8-8B4A-11D0-8D11-00A0C91BC942}") = "012_sunToEarth", "012_sunToEarth\012_sunToEarth.vcxproj", "{96ECFF2A-10D2-4C33-A97E-BB7E765B89D4}"
EndProject
Project("{8BC9CEB8-8B4A-11D0-8D11-00A0C91BC942}") = "susi1", "susi1\susi1.vcxproj", "{BA153EEF-7F66-48A7-928D-9D41DDAF9072}"
EndProject
Project("{8BC9CEB8-8B4A-11D0-8D11-00A0C91BC942}") = "0503_conditionalOp", "0503_conditionalOp\0503_conditionalOp.vcxproj", "{4F2FC0C8-6830-46B3-B09C-767A94A01E08}"
EndProject
Project("{8BC9CEB8-8B4A-11D0-8D11-00A0C91BC942}") = "0504_cm2inch", "0504_cm2inch\0504_cm2inch.vcxproj", "{2CEB06A7-3918-4EE0-8E82-7C01EFFD27CB}"
EndProject
Project("{8BC9CEB8-8B4A-11D0-8D11-00A0C91BC942}") = "0601_divisor", "0601_divisor\0601_divisor.vcxproj", "{6CAB5A69-5EC7-4500-94AE-1DB24B1DA5C4}"
EndProject
Project("{8BC9CEB8-8B4A-11D0-8D11-00A0C91BC942}") = "0603_kawibawibo", "0603_kawibawibo\0603_kawibawibo.vcxproj", "{847F15C8-E344-4382-A247-6535F13682F1}"
EndProject
Project("{8BC9CEB8-8B4A-11D0-8D11-00A0C91BC942}") = "0602_minimum", "0602_minimum\0602_minimum.vcxproj", "{E1086A3C-307E-45C6-A23C-3C6E834197C9}"
EndProject
Project("{8BC9CEB8-8B4A-11D0-8D11-00A0C91BC942}") = "0604_ageNheight", "0604_ageNheight\0604_ageNheight.vcxproj", "{8233D31B-87C3-4EB0-84DA-64AB11C5C22F}"
EndProject
Project("{8BC9CEB8-8B4A-11D0-8D11-00A0C91BC942}") = "0605_month", "0605_month\0605_month.vcxproj", "{B36EEE8C-5425-4CBF-9303-E1BBD0F60BF9}"
EndProject
Project("{8BC9CEB8-8B4A-11D0-8D11-00A0C91BC942}") = "0606_vowelNconsonant", "0606_vowelNconsonant\0606_vowelNconsonant.vcxproj", "{F770FF94-0C0A-4A68-859D-A6ABD4D77327}"
EndProject
Project("{8BC9CEB8-8B4A-11D0-8D11-00A0C91BC942}") = "0607_heightNweight", "0607_heightNweight\0607_heightNweight.vcxproj", "{60547271-1363-4C6D-8093-80EC582748BC}"
EndProject
Project("{8BC9CEB8-8B4A-11D0-8D11-00A0C91BC942}") = "0608_freePass", "0608_freePass\0608_freePass.vcxproj", "{6D693FDF-FE0B-45E1-BA40-AA5917F952B2}"
EndProject
Project("{8BC9CEB8-8B4A-11D0-8D11-00A0C91BC942}") = "0609_functionValue", "0609_functionValue\0609_functionValue.vcxproj", "{64A4BAE1-F984-4B88-A1FD-4C7004184F3D}"
EndProject
Project("{8BC9CEB8-8B4A-11D0-8D11-00A0C91BC942}") = "0610_quadrant", "0610_quadrant\0610_quadrant.vcxproj", "{1F3D93CC-BA87-448B-AA84-B359302B2086}"
EndProject
Project("{8BC9CEB8-8B4A-11D0-8D11-00A0C91BC942}") = "0611_diagram", "0611_diagram\0611_diagram.vcxproj", "{FD744323-D02B-474F-B5F6-C42812DC6DEE}"
EndProject
Project("{8BC9CEB8-8B4A-11D0-8D11-00A0C91BC942}") = "0612_lottery", "0612_lottery\0612_lottery.vcxproj", "{8EE57050-6769-4902-9683-04A8A8DF7F48}"
EndProject
Project("{8BC9CEB8-8B4A-11D0-8D11-00A0C91BC942}") = "013_gradeAplus", "013_gradeAplus\013_gradeAplus.vcxproj", "{ADF1EF8A-5287-4108-9DB0-11A54CD6D207}"
EndProject
Project("{8BC9CEB8-8B4A-11D0-8D11-00A0C91BC942}") = "0505_DigitSeparator", "0505_DigitSeparator\0505_DigitSeparator.vcxproj", "{E4386C7E-2278-4EB4-8CA5-937F861FAF8F}"
EndProject
Project("{8BC9CEB8-8B4A-11D0-8D11-00A0C91BC942}") = "0506_floatingPointError", "0506_floatingPointError\0506_floatingPointError.vcxproj", "{E8097B0A-B0BE-4B5C-B91E-79E73DFDE7E6}"
EndProject
Project("{8BC9CEB8-8B4A-11D0-8D11-00A0C91BC942}") = "0508_sphere", "0508_sphere\0508_sphere.vcxproj", "{54C8C570-B644-4EDA-945E-CEC75E3D1C34}"
EndProject
Project("{8BC9CEB8-8B4A-11D0-8D11-00A0C91BC942}") = "0509_pyramid", "0509_pyramid\0509_pyramid.vcxproj", "{0405931F-4182-4DDD-BD82-63548D001A35}"
EndProject
Project("{8BC9CEB8-8B4A-11D0-8D11-00A0C91BC942}") = "0510_Quadrant", "0510_Quadrant\0510_Quadrant.vcxproj", "{8CB396E6-53ED-4488-9A3C-5D7CB2230494}"
EndProject
Global
	GlobalSection(SolutionConfigurationPlatforms) = preSolution
		Debug|x64 = Debug|x64
		Debug|x86 = Debug|x86
		Release|x64 = Release|x64
		Release|x86 = Release|x86
	EndGlobalSection
	GlobalSection(ProjectConfigurationPlatforms) = postSolution
		{FDCAD474-379A-429C-A501-498554327CA7}.Debug|x64.ActiveCfg = Debug|x64
		{FDCAD474-379A-429C-A501-498554327CA7}.Debug|x64.Build.0 = Debug|x64
		{FDCAD474-379A-429C-A501-498554327CA7}.Debug|x86.ActiveCfg = Debug|Win32
		{FDCAD474-379A-429C-A501-498554327CA7}.Debug|x86.Build.0 = Debug|Win32
		{FDCAD474-379A-429C-A501-498554327CA7}.Release|x64.ActiveCfg = Release|x64
		{FDCAD474-379A-429C-A501-498554327CA7}.Release|x64.Build.0 = Release|x64
		{FDCAD474-379A-429C-A501-498554327CA7}.Release|x86.ActiveCfg = Release|Win32
		{FDCAD474-379A-429C-A501-498554327CA7}.Release|x86.Build.0 = Release|Win32
		{F2D32D1E-E863-4CEA-89E3-82EA99440104}.Debug|x64.ActiveCfg = Debug|x64
		{F2D32D1E-E863-4CEA-89E3-82EA99440104}.Debug|x64.Build.0 = Debug|x64
		{F2D32D1E-E863-4CEA-89E3-82EA99440104}.Debug|x86.ActiveCfg = Debug|Win32
		{F2D32D1E-E863-4CEA-89E3-82EA99440104}.Debug|x86.Build.0 = Debug|Win32
		{F2D32D1E-E863-4CEA-89E3-82EA99440104}.Release|x64.ActiveCfg = Release|x64
		{F2D32D1E-E863-4CEA-89E3-82EA99440104}.Release|x64.Build.0 = Release|x64
		{F2D32D1E-E863-4CEA-89E3-82EA99440104}.Release|x86.ActiveCfg = Release|Win32
		{F2D32D1E-E863-4CEA-89E3-82EA99440104}.Release|x86.Build.0 = Release|Win32
		{25A7DCB1-7310-4742-8579-1DB75D6146AD}.Debug|x64.ActiveCfg = Debug|x64
		{25A7DCB1-7310-4742-8579-1DB75D6146AD}.Debug|x64.Build.0 = Debug|x64
		{25A7DCB1-7310-4742-8579-1DB75D6146AD}.Debug|x86.ActiveCfg = Debug|Win32
		{25A7DCB1-7310-4742-8579-1DB75D6146AD}.Debug|x86.Build.0 = Debug|Win32
		{25A7DCB1-7310-4742-8579-1DB75D6146AD}.Release|x64.ActiveCfg = Release|x64
		{25A7DCB1-7310-4742-8579-1DB75D6146AD}.Release|x64.Build.0 = Release|x64
		{25A7DCB1-7310-4742-8579-1DB75D6146AD}.Release|x86.ActiveCfg = Release|Win32
		{25A7DCB1-7310-4742-8579-1DB75D6146AD}.Release|x86.Build.0 = Release|Win32
		{675A036D-F6F2-472A-8D56-F157ED1EB577}.Debug|x64.ActiveCfg = Debug|x64
		{675A036D-F6F2-472A-8D56-F157ED1EB577}.Debug|x64.Build.0 = Debug|x64
		{675A036D-F6F2-472A-8D56-F157ED1EB577}.Debug|x86.ActiveCfg = Debug|Win32
		{675A036D-F6F2-472A-8D56-F157ED1EB577}.Debug|x86.Build.0 = Debug|Win32
		{675A036D-F6F2-472A-8D56-F157ED1EB577}.Release|x64.ActiveCfg = Release|x64
		{675A036D-F6F2-472A-8D56-F157ED1EB577}.Release|x64.Build.0 = Release|x64
		{675A036D-F6F2-472A-8D56-F157ED1EB577}.Release|x86.ActiveCfg = Release|Win32
		{675A036D-F6F2-472A-8D56-F157ED1EB577}.Release|x86.Build.0 = Release|Win32
		{A6383A71-EB9D-45F4-ADD0-C840A7848CAD}.Debug|x64.ActiveCfg = Debug|x64
		{A6383A71-EB9D-45F4-ADD0-C840A7848CAD}.Debug|x64.Build.0 = Debug|x64
		{A6383A71-EB9D-45F4-ADD0-C840A7848CAD}.Debug|x86.ActiveCfg = Debug|Win32
		{A6383A71-EB9D-45F4-ADD0-C840A7848CAD}.Debug|x86.Build.0 = Debug|Win32
		{A6383A71-EB9D-45F4-ADD0-C840A7848CAD}.Release|x64.ActiveCfg = Release|x64
		{A6383A71-EB9D-45F4-ADD0-C840A7848CAD}.Release|x64.Build.0 = Release|x64
		{A6383A71-EB9D-45F4-ADD0-C840A7848CAD}.Release|x86.ActiveCfg = Release|Win32
		{A6383A71-EB9D-45F4-ADD0-C840A7848CAD}.Release|x86.Build.0 = Release|Win32
		{635F5B8F-B07A-42DD-B4E8-00F075060F61}.Debug|x64.ActiveCfg = Debug|x64
		{635F5B8F-B07A-42DD-B4E8-00F075060F61}.Debug|x64.Build.0 = Debug|x64
		{635F5B8F-B07A-42DD-B4E8-00F075060F61}.Debug|x86.ActiveCfg = Debug|Win32
		{635F5B8F-B07A-42DD-B4E8-00F075060F61}.Debug|x86.Build.0 = Debug|Win32
		{635F5B8F-B07A-42DD-B4E8-00F075060F61}.Release|x64.ActiveCfg = Release|x64
		{635F5B8F-B07A-42DD-B4E8-00F075060F61}.Release|x64.Build.0 = Release|x64
		{635F5B8F-B07A-42DD-B4E8-00F075060F61}.Release|x86.ActiveCfg = Release|Win32
		{635F5B8F-B07A-42DD-B4E8-00F075060F61}.Release|x86.Build.0 = Release|Win32
		{4D552F83-B736-41A6-8F87-ED16CAC1436D}.Debug|x64.ActiveCfg = Debug|x64
		{4D552F83-B736-41A6-8F87-ED16CAC1436D}.Debug|x64.Build.0 = Debug|x64
		{4D552F83-B736-41A6-8F87-ED16CAC1436D}.Debug|x86.ActiveCfg = Debug|Win32
		{4D552F83-B736-41A6-8F87-ED16CAC1436D}.Debug|x86.Build.0 = Debug|Win32
		{4D552F83-B736-41A6-8F87-ED16CAC1436D}.Release|x64.ActiveCfg = Release|x64
		{4D552F83-B736-41A6-8F87-ED16CAC1436D}.Release|x64.Build.0 = Release|x64
		{4D552F83-B736-41A6-8F87-ED16CAC1436D}.Release|x86.ActiveCfg = Release|Win32
		{4D552F83-B736-41A6-8F87-ED16CAC1436D}.Release|x86.Build.0 = Release|Win32
		{0AAFB26A-BA27-4979-9CF4-542AB1F49A81}.Debug|x64.ActiveCfg = Debug|x64
		{0AAFB26A-BA27-4979-9CF4-542AB1F49A81}.Debug|x64.Build.0 = Debug|x64
		{0AAFB26A-BA27-4979-9CF4-542AB1F49A81}.Debug|x86.ActiveCfg = Debug|Win32
		{0AAFB26A-BA27-4979-9CF4-542AB1F49A81}.Debug|x86.Build.0 = Debug|Win32
		{0AAFB26A-BA27-4979-9CF4-542AB1F49A81}.Release|x64.ActiveCfg = Release|x64
		{0AAFB26A-BA27-4979-9CF4-542AB1F49A81}.Release|x64.Build.0 = Release|x64
		{0AAFB26A-BA27-4979-9CF4-542AB1F49A81}.Release|x86.ActiveCfg = Release|Win32
		{0AAFB26A-BA27-4979-9CF4-542AB1F49A81}.Release|x86.Build.0 = Release|Win32
		{4DFC4BAC-ACE9-4D03-A142-61C4BC49A8F8}.Debug|x64.ActiveCfg = Debug|x64
		{4DFC4BAC-ACE9-4D03-A142-61C4BC49A8F8}.Debug|x64.Build.0 = Debug|x64
		{4DFC4BAC-ACE9-4D03-A142-61C4BC49A8F8}.Debug|x86.ActiveCfg = Debug|Win32
		{4DFC4BAC-ACE9-4D03-A142-61C4BC49A8F8}.Debug|x86.Build.0 = Debug|Win32
		{4DFC4BAC-ACE9-4D03-A142-61C4BC49A8F8}.Release|x64.ActiveCfg = Release|x64
		{4DFC4BAC-ACE9-4D03-A142-61C4BC49A8F8}.Release|x64.Build.0 = Release|x64
		{4DFC4BAC-ACE9-4D03-A142-61C4BC49A8F8}.Release|x86.ActiveCfg = Release|Win32
		{4DFC4BAC-ACE9-4D03-A142-61C4BC49A8F8}.Release|x86.Build.0 = Release|Win32
		{1064B40B-C9C5-4718-8E38-1A2C4D813B57}.Debug|x64.ActiveCfg = Debug|x64
		{1064B40B-C9C5-4718-8E38-1A2C4D813B57}.Debug|x64.Build.0 = Debug|x64
		{1064B40B-C9C5-4718-8E38-1A2C4D813B57}.Debug|x86.ActiveCfg = Debug|Win32
		{1064B40B-C9C5-4718-8E38-1A2C4D813B57}.Debug|x86.Build.0 = Debug|Win32
		{1064B40B-C9C5-4718-8E38-1A2C4D813B57}.Release|x64.ActiveCfg = Release|x64
		{1064B40B-C9C5-4718-8E38-1A2C4D813B57}.Release|x64.Build.0 = Release|x64
		{1064B40B-C9C5-4718-8E38-1A2C4D813B57}.Release|x86.ActiveCfg = Release|Win32
		{1064B40B-C9C5-4718-8E38-1A2C4D813B57}.Release|x86.Build.0 = Release|Win32
		{AEFEEFA6-FC83-4CB6-9D3A-A00C90E5A697}.Debug|x64.ActiveCfg = Debug|x64
		{AEFEEFA6-FC83-4CB6-9D3A-A00C90E5A697}.Debug|x64.Build.0 = Debug|x64
		{AEFEEFA6-FC83-4CB6-9D3A-A00C90E5A697}.Debug|x86.ActiveCfg = Debug|Win32
		{AEFEEFA6-FC83-4CB6-9D3A-A00C90E5A697}.Debug|x86.Build.0 = Debug|Win32
		{AEFEEFA6-FC83-4CB6-9D3A-A00C90E5A697}.Release|x64.ActiveCfg = Release|x64
		{AEFEEFA6-FC83-4CB6-9D3A-A00C90E5A697}.Release|x64.Build.0 = Release|x64
		{AEFEEFA6-FC83-4CB6-9D3A-A00C90E5A697}.Release|x86.ActiveCfg = Release|Win32
		{AEFEEFA6-FC83-4CB6-9D3A-A00C90E5A697}.Release|x86.Build.0 = Release|Win32
		{96ECFF2A-10D2-4C33-A97E-BB7E765B89D4}.Debug|x64.ActiveCfg = Debug|x64
		{96ECFF2A-10D2-4C33-A97E-BB7E765B89D4}.Debug|x64.Build.0 = Debug|x64
		{96ECFF2A-10D2-4C33-A97E-BB7E765B89D4}.Debug|x86.ActiveCfg = Debug|Win32
		{96ECFF2A-10D2-4C33-A97E-BB7E765B89D4}.Debug|x86.Build.0 = Debug|Win32
		{96ECFF2A-10D2-4C33-A97E-BB7E765B89D4}.Release|x64.ActiveCfg = Release|x64
		{96ECFF2A-10D2-4C33-A97E-BB7E765B89D4}.Release|x64.Build.0 = Release|x64
		{96ECFF2A-10D2-4C33-A97E-BB7E765B89D4}.Release|x86.ActiveCfg = Release|Win32
		{96ECFF2A-10D2-4C33-A97E-BB7E765B89D4}.Release|x86.Build.0 = Release|Win32
		{BA153EEF-7F66-48A7-928D-9D41DDAF9072}.Debug|x64.ActiveCfg = Debug|x64
		{BA153EEF-7F66-48A7-928D-9D41DDAF9072}.Debug|x64.Build.0 = Debug|x64
		{BA153EEF-7F66-48A7-928D-9D41DDAF9072}.Debug|x86.ActiveCfg = Debug|Win32
		{BA153EEF-7F66-48A7-928D-9D41DDAF9072}.Debug|x86.Build.0 = Debug|Win32
		{BA153EEF-7F66-48A7-928D-9D41DDAF9072}.Release|x64.ActiveCfg = Release|x64
		{BA153EEF-7F66-48A7-928D-9D41DDAF9072}.Release|x64.Build.0 = Release|x64
		{BA153EEF-7F66-48A7-928D-9D41DDAF9072}.Release|x86.ActiveCfg = Release|Win32
		{BA153EEF-7F66-48A7-928D-9D41DDAF9072}.Release|x86.Build.0 = Release|Win32
		{4F2FC0C8-6830-46B3-B09C-767A94A01E08}.Debug|x64.ActiveCfg = Debug|x64
		{4F2FC0C8-6830-46B3-B09C-767A94A01E08}.Debug|x64.Build.0 = Debug|x64
		{4F2FC0C8-6830-46B3-B09C-767A94A01E08}.Debug|x86.ActiveCfg = Debug|Win32
		{4F2FC0C8-6830-46B3-B09C-767A94A01E08}.Debug|x86.Build.0 = Debug|Win32
		{4F2FC0C8-6830-46B3-B09C-767A94A01E08}.Release|x64.ActiveCfg = Release|x64
		{4F2FC0C8-6830-46B3-B09C-767A94A01E08}.Release|x64.Build.0 = Release|x64
		{4F2FC0C8-6830-46B3-B09C-767A94A01E08}.Release|x86.ActiveCfg = Release|Win32
		{4F2FC0C8-6830-46B3-B09C-767A94A01E08}.Release|x86.Build.0 = Release|Win32
		{2CEB06A7-3918-4EE0-8E82-7C01EFFD27CB}.Debug|x64.ActiveCfg = Debug|x64
		{2CEB06A7-3918-4EE0-8E82-7C01EFFD27CB}.Debug|x64.Build.0 = Debug|x64
		{2CEB06A7-3918-4EE0-8E82-7C01EFFD27CB}.Debug|x86.ActiveCfg = Debug|Win32
		{2CEB06A7-3918-4EE0-8E82-7C01EFFD27CB}.Debug|x86.Build.0 = Debug|Win32
		{2CEB06A7-3918-4EE0-8E82-7C01EFFD27CB}.Release|x64.ActiveCfg = Release|x64
		{2CEB06A7-3918-4EE0-8E82-7C01EFFD27CB}.Release|x64.Build.0 = Release|x64
		{2CEB06A7-3918-4EE0-8E82-7C01EFFD27CB}.Release|x86.ActiveCfg = Release|Win32
		{2CEB06A7-3918-4EE0-8E82-7C01EFFD27CB}.Release|x86.Build.0 = Release|Win32
		{6CAB5A69-5EC7-4500-94AE-1DB24B1DA5C4}.Debug|x64.ActiveCfg = Debug|x64
		{6CAB5A69-5EC7-4500-94AE-1DB24B1DA5C4}.Debug|x64.Build.0 = Debug|x64
		{6CAB5A69-5EC7-4500-94AE-1DB24B1DA5C4}.Debug|x86.ActiveCfg = Debug|Win32
		{6CAB5A69-5EC7-4500-94AE-1DB24B1DA5C4}.Debug|x86.Build.0 = Debug|Win32
		{6CAB5A69-5EC7-4500-94AE-1DB24B1DA5C4}.Release|x64.ActiveCfg = Release|x64
		{6CAB5A69-5EC7-4500-94AE-1DB24B1DA5C4}.Release|x64.Build.0 = Release|x64
		{6CAB5A69-5EC7-4500-94AE-1DB24B1DA5C4}.Release|x86.ActiveCfg = Release|Win32
		{6CAB5A69-5EC7-4500-94AE-1DB24B1DA5C4}.Release|x86.Build.0 = Release|Win32
		{847F15C8-E344-4382-A247-6535F13682F1}.Debug|x64.ActiveCfg = Debug|x64
		{847F15C8-E344-4382-A247-6535F13682F1}.Debug|x64.Build.0 = Debug|x64
		{847F15C8-E344-4382-A247-6535F13682F1}.Debug|x86.ActiveCfg = Debug|Win32
		{847F15C8-E344-4382-A247-6535F13682F1}.Debug|x86.Build.0 = Debug|Win32
		{847F15C8-E344-4382-A247-6535F13682F1}.Release|x64.ActiveCfg = Release|x64
		{847F15C8-E344-4382-A247-6535F13682F1}.Release|x64.Build.0 = Release|x64
		{847F15C8-E344-4382-A247-6535F13682F1}.Release|x86.ActiveCfg = Release|Win32
		{847F15C8-E344-4382-A247-6535F13682F1}.Release|x86.Build.0 = Release|Win32
		{E1086A3C-307E-45C6-A23C-3C6E834197C9}.Debug|x64.ActiveCfg = Debug|x64
		{E1086A3C-307E-45C6-A23C-3C6E834197C9}.Debug|x64.Build.0 = Debug|x64
		{E1086A3C-307E-45C6-A23C-3C6E834197C9}.Debug|x86.ActiveCfg = Debug|Win32
		{E1086A3C-307E-45C6-A23C-3C6E834197C9}.Debug|x86.Build.0 = Debug|Win32
		{E1086A3C-307E-45C6-A23C-3C6E834197C9}.Release|x64.ActiveCfg = Release|x64
		{E1086A3C-307E-45C6-A23C-3C6E834197C9}.Release|x64.Build.0 = Release|x64
		{E1086A3C-307E-45C6-A23C-3C6E834197C9}.Release|x86.ActiveCfg = Release|Win32
		{E1086A3C-307E-45C6-A23C-3C6E834197C9}.Release|x86.Build.0 = Release|Win32
		{8233D31B-87C3-4EB0-84DA-64AB11C5C22F}.Debug|x64.ActiveCfg = Debug|x64
		{8233D31B-87C3-4EB0-84DA-64AB11C5C22F}.Debug|x64.Build.0 = Debug|x64
		{8233D31B-87C3-4EB0-84DA-64AB11C5C22F}.Debug|x86.ActiveCfg = Debug|Win32
		{8233D31B-87C3-4EB0-84DA-64AB11C5C22F}.Debug|x86.Build.0 = Debug|Win32
		{8233D31B-87C3-4EB0-84DA-64AB11C5C22F}.Release|x64.ActiveCfg = Release|x64
		{8233D31B-87C3-4EB0-84DA-64AB11C5C22F}.Release|x64.Build.0 = Release|x64
		{8233D31B-87C3-4EB0-84DA-64AB11C5C22F}.Release|x86.ActiveCfg = Release|Win32
		{8233D31B-87C3-4EB0-84DA-64AB11C5C22F}.Release|x86.Build.0 = Release|Win32
		{B36EEE8C-5425-4CBF-9303-E1BBD0F60BF9}.Debug|x64.ActiveCfg = Debug|x64
		{B36EEE8C-5425-4CBF-9303-E1BBD0F60BF9}.Debug|x64.Build.0 = Debug|x64
		{B36EEE8C-5425-4CBF-9303-E1BBD0F60BF9}.Debug|x86.ActiveCfg = Debug|Win32
		{B36EEE8C-5425-4CBF-9303-E1BBD0F60BF9}.Debug|x86.Build.0 = Debug|Win32
		{B36EEE8C-5425-4CBF-9303-E1BBD0F60BF9}.Release|x64.ActiveCfg = Release|x64
		{B36EEE8C-5425-4CBF-9303-E1BBD0F60BF9}.Release|x64.Build.0 = Release|x64
		{B36EEE8C-5425-4CBF-9303-E1BBD0F60BF9}.Release|x86.ActiveCfg = Release|Win32
		{B36EEE8C-5425-4CBF-9303-E1BBD0F60BF9}.Release|x86.Build.0 = Release|Win32
		{F770FF94-0C0A-4A68-859D-A6ABD4D77327}.Debug|x64.ActiveCfg = Debug|x64
		{F770FF94-0C0A-4A68-859D-A6ABD4D77327}.Debug|x64.Build.0 = Debug|x64
		{F770FF94-0C0A-4A68-859D-A6ABD4D77327}.Debug|x86.ActiveCfg = Debug|Win32
		{F770FF94-0C0A-4A68-859D-A6ABD4D77327}.Debug|x86.Build.0 = Debug|Win32
		{F770FF94-0C0A-4A68-859D-A6ABD4D77327}.Release|x64.ActiveCfg = Release|x64
		{F770FF94-0C0A-4A68-859D-A6ABD4D77327}.Release|x64.Build.0 = Release|x64
		{F770FF94-0C0A-4A68-859D-A6ABD4D77327}.Release|x86.ActiveCfg = Release|Win32
		{F770FF94-0C0A-4A68-859D-A6ABD4D77327}.Release|x86.Build.0 = Release|Win32
		{60547271-1363-4C6D-8093-80EC582748BC}.Debug|x64.ActiveCfg = Debug|x64
		{60547271-1363-4C6D-8093-80EC582748BC}.Debug|x64.Build.0 = Debug|x64
		{60547271-1363-4C6D-8093-80EC582748BC}.Debug|x86.ActiveCfg = Debug|Win32
		{60547271-1363-4C6D-8093-80EC582748BC}.Debug|x86.Build.0 = Debug|Win32
		{60547271-1363-4C6D-8093-80EC582748BC}.Release|x64.ActiveCfg = Release|x64
		{60547271-1363-4C6D-8093-80EC582748BC}.Release|x64.Build.0 = Release|x64
		{60547271-1363-4C6D-8093-80EC582748BC}.Release|x86.ActiveCfg = Release|Win32
		{60547271-1363-4C6D-8093-80EC582748BC}.Release|x86.Build.0 = Release|Win32
		{6D693FDF-FE0B-45E1-BA40-AA5917F952B2}.Debug|x64.ActiveCfg = Debug|x64
		{6D693FDF-FE0B-45E1-BA40-AA5917F952B2}.Debug|x64.Build.0 = Debug|x64
		{6D693FDF-FE0B-45E1-BA40-AA5917F952B2}.Debug|x86.ActiveCfg = Debug|Win32
		{6D693FDF-FE0B-45E1-BA40-AA5917F952B2}.Debug|x86.Build.0 = Debug|Win32
		{6D693FDF-FE0B-45E1-BA40-AA5917F952B2}.Release|x64.ActiveCfg = Release|x64
		{6D693FDF-FE0B-45E1-BA40-AA5917F952B2}.Release|x64.Build.0 = Release|x64
		{6D693FDF-FE0B-45E1-BA40-AA5917F952B2}.Release|x86.ActiveCfg = Release|Win32
		{6D693FDF-FE0B-45E1-BA40-AA5917F952B2}.Release|x86.Build.0 = Release|Win32
		{64A4BAE1-F984-4B88-A1FD-4C7004184F3D}.Debug|x64.ActiveCfg = Debug|x64
		{64A4BAE1-F984-4B88-A1FD-4C7004184F3D}.Debug|x64.Build.0 = Debug|x64
		{64A4BAE1-F984-4B88-A1FD-4C7004184F3D}.Debug|x86.ActiveCfg = Debug|Win32
		{64A4BAE1-F984-4B88-A1FD-4C7004184F3D}.Debug|x86.Build.0 = Debug|Win32
		{64A4BAE1-F984-4B88-A1FD-4C7004184F3D}.Release|x64.ActiveCfg = Release|x64
		{64A4BAE1-F984-4B88-A1FD-4C7004184F3D}.Release|x64.Build.0 = Release|x64
		{64A4BAE1-F984-4B88-A1FD-4C7004184F3D}.Release|x86.ActiveCfg = Release|Win32
		{64A4BAE1-F984-4B88-A1FD-4C7004184F3D}.Release|x86.Build.0 = Release|Win32
		{1F3D93CC-BA87-448B-AA84-B359302B2086}.Debug|x64.ActiveCfg = Debug|x64
		{1F3D93CC-BA87-448B-AA84-B359302B2086}.Debug|x64.Build.0 = Debug|x64
		{1F3D93CC-BA87-448B-AA84-B359302B2086}.Debug|x86.ActiveCfg = Debug|Win32
		{1F3D93CC-BA87-448B-AA84-B359302B2086}.Debug|x86.Build.0 = Debug|Win32
		{1F3D93CC-BA87-448B-AA84-B359302B2086}.Release|x64.ActiveCfg = Release|x64
		{1F3D93CC-BA87-448B-AA84-B359302B2086}.Release|x64.Build.0 = Release|x64
		{1F3D93CC-BA87-448B-AA84-B359302B2086}.Release|x86.ActiveCfg = Release|Win32
		{1F3D93CC-BA87-448B-AA84-B359302B2086}.Release|x86.Build.0 = Release|Win32
		{FD744323-D02B-474F-B5F6-C42812DC6DEE}.Debug|x64.ActiveCfg = Debug|x64
		{FD744323-D02B-474F-B5F6-C42812DC6DEE}.Debug|x64.Build.0 = Debug|x64
		{FD744323-D02B-474F-B5F6-C42812DC6DEE}.Debug|x86.ActiveCfg = Debug|Win32
		{FD744323-D02B-474F-B5F6-C42812DC6DEE}.Debug|x86.Build.0 = Debug|Win32
		{FD744323-D02B-474F-B5F6-C42812DC6DEE}.Release|x64.ActiveCfg = Release|x64
		{FD744323-D02B-474F-B5F6-C42812DC6DEE}.Release|x64.Build.0 = Release|x64
		{FD744323-D02B-474F-B5F6-C42812DC6DEE}.Release|x86.ActiveCfg = Release|Win32
		{FD744323-D02B-474F-B5F6-C42812DC6DEE}.Release|x86.Build.0 = Release|Win32
		{8EE57050-6769-4902-9683-04A8A8DF7F48}.Debug|x64.ActiveCfg = Debug|x64
		{8EE57050-6769-4902-9683-04A8A8DF7F48}.Debug|x64.Build.0 = Debug|x64
		{8EE57050-6769-4902-9683-04A8A8DF7F48}.Debug|x86.ActiveCfg = Debug|Win32
		{8EE57050-6769-4902-9683-04A8A8DF7F48}.Debug|x86.Build.0 = Debug|Win32
		{8EE57050-6769-4902-9683-04A8A8DF7F48}.Release|x64.ActiveCfg = Release|x64
		{8EE57050-6769-4902-9683-04A8A8DF7F48}.Release|x64.Build.0 = Release|x64
		{8EE57050-6769-4902-9683-04A8A8DF7F48}.Release|x86.ActiveCfg = Release|Win32
		{8EE57050-6769-4902-9683-04A8A8DF7F48}.Release|x86.Build.0 = Release|Win32
		{ADF1EF8A-5287-4108-9DB0-11A54CD6D207}.Debug|x64.ActiveCfg = Debug|x64
		{ADF1EF8A-5287-4108-9DB0-11A54CD6D207}.Debug|x64.Build.0 = Debug|x64
		{ADF1EF8A-5287-4108-9DB0-11A54CD6D207}.Debug|x86.ActiveCfg = Debug|Win32
		{ADF1EF8A-5287-4108-9DB0-11A54CD6D207}.Debug|x86.Build.0 = Debug|Win32
		{ADF1EF8A-5287-4108-9DB0-11A54CD6D207}.Release|x64.ActiveCfg = Release|x64
		{ADF1EF8A-5287-4108-9DB0-11A54CD6D207}.Release|x64.Build.0 = Release|x64
		{ADF1EF8A-5287-4108-9DB0-11A54CD6D207}.Release|x86.ActiveCfg = Release|Win32
		{ADF1EF8A-5287-4108-9DB0-11A54CD6D207}.Release|x86.Build.0 = Release|Win32
		{E4386C7E-2278-4EB4-8CA5-937F861FAF8F}.Debug|x64.ActiveCfg = Debug|x64
		{E4386C7E-2278-4EB4-8CA5-937F861FAF8F}.Debug|x64.Build.0 = Debug|x64
		{E4386C7E-2278-4EB4-8CA5-937F861FAF8F}.Debug|x86.ActiveCfg = Debug|Win32
		{E4386C7E-2278-4EB4-8CA5-937F861FAF8F}.Debug|x86.Build.0 = Debug|Win32
		{E4386C7E-2278-4EB4-8CA5-937F861FAF8F}.Release|x64.ActiveCfg = Release|x64
		{E4386C7E-2278-4EB4-8CA5-937F861FAF8F}.Release|x64.Build.0 = Release|x64
		{E4386C7E-2278-4EB4-8CA5-937F861FAF8F}.Release|x86.ActiveCfg = Release|Win32
		{E4386C7E-2278-4EB4-8CA5-937F861FAF8F}.Release|x86.Build.0 = Release|Win32
		{E8097B0A-B0BE-4B5C-B91E-79E73DFDE7E6}.Debug|x64.ActiveCfg = Debug|x64
		{E8097B0A-B0BE-4B5C-B91E-79E73DFDE7E6}.Debug|x64.Build.0 = Debug|x64
		{E8097B0A-B0BE-4B5C-B91E-79E73DFDE7E6}.Debug|x86.ActiveCfg = Debug|Win32
		{E8097B0A-B0BE-4B5C-B91E-79E73DFDE7E6}.Debug|x86.Build.0 = Debug|Win32
		{E8097B0A-B0BE-4B5C-B91E-79E73DFDE7E6}.Release|x64.ActiveCfg = Release|x64
		{E8097B0A-B0BE-4B5C-B91E-79E73DFDE7E6}.Release|x64.Build.0 = Release|x64
		{E8097B0A-B0BE-4B5C-B91E-79E73DFDE7E6}.Release|x86.ActiveCfg = Release|Win32
		{E8097B0A-B0BE-4B5C-B91E-79E73DFDE7E6}.Release|x86.Build.0 = Release|Win32
		{54C8C570-B644-4EDA-945E-CEC75E3D1C34}.Debug|x64.ActiveCfg = Debug|x64
		{54C8C570-B644-4EDA-945E-CEC75E3D1C34}.Debug|x64.Build.0 = Debug|x64
		{54C8C570-B644-4EDA-945E-CEC75E3D1C34}.Debug|x86.ActiveCfg = Debug|Win32
		{54C8C570-B644-4EDA-945E-CEC75E3D1C34}.Debug|x86.Build.0 = Debug|Win32
		{54C8C570-B644-4EDA-945E-CEC75E3D1C34}.Release|x64.ActiveCfg = Release|x64
		{54C8C570-B644-4EDA-945E-CEC75E3D1C34}.Release|x64.Build.0 = Release|x64
		{54C8C570-B644-4EDA-945E-CEC75E3D1C34}.Release|x86.ActiveCfg = Release|Win32
		{54C8C570-B644-4EDA-945E-CEC75E3D1C34}.Release|x86.Build.0 = Release|Win32
		{0405931F-4182-4DDD-BD82-63548D001A35}.Debug|x64.ActiveCfg = Debug|x64
		{0405931F-4182-4DDD-BD82-63548D001A35}.Debug|x64.Build.0 = Debug|x64
		{0405931F-4182-4DDD-BD82-63548D001A35}.Debug|x86.ActiveCfg = Debug|Win32
		{0405931F-4182-4DDD-BD82-63548D001A35}.Debug|x86.Build.0 = Debug|Win32
		{0405931F-4182-4DDD-BD82-63548D001A35}.Release|x64.ActiveCfg = Release|x64
		{0405931F-4182-4DDD-BD82-63548D001A35}.Release|x64.Build.0 = Release|x64
		{0405931F-4182-4DDD-BD82-63548D001A35}.Release|x86.ActiveCfg = Release|Win32
		{0405931F-4182-4DDD-BD82-63548D001A35}.Release|x86.Build.0 = Release|Win32
		{8CB396E6-53ED-4488-9A3C-5D7CB2230494}.Debug|x64.ActiveCfg = Debug|x64
		{8CB396E6-53ED-4488-9A3C-5D7CB2230494}.Debug|x64.Build.0 = Debug|x64
		{8CB396E6-53ED-4488-9A3C-5D7CB2230494}.Debug|x86.ActiveCfg = Debug|Win32
		{8CB396E6-53ED-4488-9A3C-5D7CB2230494}.Debug|x86.Build.0 = Debug|Win32
		{8CB396E6-53ED-4488-9A3C-5D7CB2230494}.Release|x64.ActiveCfg = Release|x64
		{8CB396E6-53ED-4488-9A3C-5D7CB2230494}.Release|x64.Build.0 = Release|x64
		{8CB396E6-53ED-4488-9A3C-5D7CB2230494}.Release|x86.ActiveCfg = Release|Win32
		{8CB396E6-53ED-4488-9A3C-5D7CB2230494}.Release|x86.Build.0 = Release|Win32
	EndGlobalSection
	GlobalSection(SolutionProperties) = preSolution
		HideSolutionNode = FALSE
	EndGlobalSection
EndGlobal
